Microsoft Visual Studio Solution File, Format Version 10.00
# Visual Studio 2008
Project("{FAE04EC0-301F-11D3-BF4B-00C04F79EFBC}") = "QueryServiceControl", "QueryServiceControl\QueryServiceControl.csproj", "{3C61F7E2-9CF9-4AFC-B1EB-D629BDA8BF08}"
EndProject
Project("{FAE04EC0-301F-11D3-BF4B-00C04F79EFBC}") = "ExcelQueryServiceAddIn", "ExcelQueryServiceAddIn\ExcelQueryServiceAddIn.csproj", "{C9C9C8F7-A0A2-42E3-8F07-D9A03C120914}"
EndProject
Project("{FAE04EC0-301F-11D3-BF4B-00C04F79EFBC}") = "EnterpriseArchitectAddIn", "EnterpriseArchitectAddIn\EnterpriseArchitectAddIn.csproj", "{689B03DF-BD59-48AD-A4C2-BCC29D6D48CF}"
EndProject
Project("{54435603-DBB4-11D2-8724-00A0C9A8B90C}") = "EnterpriseArchitectAddInInstaller", "EnterpriseArchitectAddInInstaller\EnterpriseArchitectAddInInstaller.vdproj", "{42850A1B-05BF-41A5-A712-517530924F40}"
EndProject
Global
	GlobalSection(SolutionConfigurationPlatforms) = preSolution
		Debug|Any CPU = Debug|Any CPU
		Release|Any CPU = Release|Any CPU
	EndGlobalSection
	GlobalSection(ProjectConfigurationPlatforms) = postSolution
		{3C61F7E2-9CF9-4AFC-B1EB-D629BDA8BF08}.Debug|Any CPU.ActiveCfg = Debug|Any CPU
		{3C61F7E2-9CF9-4AFC-B1EB-D629BDA8BF08}.Debug|Any CPU.Build.0 = Debug|Any CPU
		{3C61F7E2-9CF9-4AFC-B1EB-D629BDA8BF08}.Release|Any CPU.ActiveCfg = Release|Any CPU
		{3C61F7E2-9CF9-4AFC-B1EB-D629BDA8BF08}.Release|Any CPU.Build.0 = Release|Any CPU
		{C9C9C8F7-A0A2-42E3-8F07-D9A03C120914}.Debug|Any CPU.ActiveCfg = Debug|Any CPU
		{C9C9C8F7-A0A2-42E3-8F07-D9A03C120914}.Debug|Any CPU.Build.0 = Debug|Any CPU
		{C9C9C8F7-A0A2-42E3-8F07-D9A03C120914}.Release|Any CPU.ActiveCfg = Release|Any CPU
		{C9C9C8F7-A0A2-42E3-8F07-D9A03C120914}.Release|Any CPU.Build.0 = Release|Any CPU
		{689B03DF-BD59-48AD-A4C2-BCC29D6D48CF}.Debug|Any CPU.ActiveCfg = Debug|Any CPU
		{689B03DF-BD59-48AD-A4C2-BCC29D6D48CF}.Debug|Any CPU.Build.0 = Debug|Any CPU
		{689B03DF-BD59-48AD-A4C2-BCC29D6D48CF}.Release|Any CPU.ActiveCfg = Release|Any CPU
		{689B03DF-BD59-48AD-A4C2-BCC29D6D48CF}.Release|Any CPU.Build.0 = Release|Any CPU
		{42850A1B-05BF-41A5-A712-517530924F40}.Debug|Any CPU.ActiveCfg = Debug
		{42850A1B-05BF-41A5-A712-517530924F40}.Debug|Any CPU.Build.0 = Debug
		{42850A1B-05BF-41A5-A712-517530924F40}.Release|Any CPU.ActiveCfg = Release
		{42850A1B-05BF-41A5-A712-517530924F40}.Release|Any CPU.Build.0 = Release
	EndGlobalSection
	GlobalSection(SolutionProperties) = preSolution
		HideSolutionNode = FALSE
	EndGlobalSection
EndGlobal
